Microsoft Visual Studio Solution File, Format Version 12.00
# Visual Studio Version 17
VisualStudioVersion = 17.0.31717.71
MinimumVisualStudioVersion = 10.0.40219.1
Project("{9A19103F-16F7-4668-BE54-9A1E7A4F7556}") = "TMDB.Server", "Server\TMDB.Server.csproj", "{7591F28D-0F2D-4B4A-AA5F-B95807DD21D7}"
EndProject
Project("{9A19103F-16F7-4668-BE54-9A1E7A4F7556}") = "TMDB.Client", "Client\TMDB.Client.csproj", "{E7876479-97D0-4A46-A362-4BCFFA73269C}"
EndProject
Project("{9A19103F-16F7-4668-BE54-9A1E7A4F7556}") = "TMDB.Shared", "Shared\TMDB.Shared.csproj", "{D17365E5-3314-4D09-9275-1DB30457A703}"
EndProject
Global
	GlobalSection(SolutionConfigurationPlatforms) = preSolution
		Debug|Any CPU = Debug|Any CPU
		Release|Any CPU = Release|Any CPU
	EndGlobalSection
	GlobalSection(ProjectConfigurationPlatforms) = postSolution
		{7591F28D-0F2D-4B4A-AA5F-B95807DD21D7}.Debug|Any CPU.ActiveCfg = Debug|Any CPU
		{7591F28D-0F2D-4B4A-AA5F-B95807DD21D7}.Debug|Any CPU.Build.0 = Debug|Any CPU
		{7591F28D-0F2D-4B4A-AA5F-B95807DD21D7}.Release|Any CPU.ActiveCfg = Release|Any CPU
		{7591F28D-0F2D-4B4A-AA5F-B95807DD21D7}.Release|Any CPU.Build.0 = Release|Any CPU
		{E7876479-97D0-4A46-A362-4BCFFA73269C}.Debug|Any CPU.ActiveCfg = Debug|Any CPU
		{E7876479-97D0-4A46-A362-4BCFFA73269C}.Debug|Any CPU.Build.0 = Debug|Any CPU
		{E7876479-97D0-4A46-A362-4BCFFA73269C}.Release|Any CPU.ActiveCfg = Release|Any CPU
		{E7876479-97D0-4A46-A362-4BCFFA73269C}.Release|Any CPU.Build.0 = Release|Any CPU
		{D17365E5-3314-4D09-9275-1DB30457A703}.Debug|Any CPU.ActiveCfg = Debug|Any CPU
		{D17365E5-3314-4D09-9275-1DB30457A703}.Debug|Any CPU.Build.0 = Debug|Any CPU
		{D17365E5-3314-4D09-9275-1DB30457A703}.Release|Any CPU.ActiveCfg = Release|Any CPU
		{D17365E5-3314-4D09-9275-1DB30457A703}.Release|Any CPU.Build.0 = Release|Any CPU
	EndGlobalSection
	GlobalSection(SolutionProperties) = preSolution
		HideSolutionNode = FALSE
	EndGlobalSection
	GlobalSection(ExtensibilityGlobals) = postSolution
		SolutionGuid = {D50390FA-4938-4B41-BEF7-29C368B7E4C0}
	EndGlobalSection
EndGlobal
